
Microsoft Visual Studio Solution File, Format Version 12.00
# Visual Studio 2012
Project("{FAE04EC0-301F-11D3-BF4B-00C04F79EFBC}") = "04.GenerateVectors", "04.GenerateVectors.csproj", "{E464CFA5-7C9B-499D-B556-38F2EB1908AF}"
EndProject
Global
	GlobalSection(SolutionConfigurationPlatforms) = preSolution
		Debug|x86 = Debug|x86
		Release|x86 = Release|x86
	EndGlobalSection
	GlobalSection(ProjectConfigurationPlatforms) = postSolution
		{E464CFA5-7C9B-499D-B556-38F2EB1908AF}.Debug|x86.ActiveCfg = Debug|x86
		{E464CFA5-7C9B-499D-B556-38F2EB1908AF}.Debug|x86.Build.0 = Debug|x86
		{E464CFA5-7C9B-499D-B556-38F2EB1908AF}.Release|x86.ActiveCfg = Release|x86
		{E464CFA5-7C9B-499D-B556-38F2EB1908AF}.Release|x86.Build.0 = Release|x86
	EndGlobalSection
EndGlobal
